
Microsoft Visual Studio Solution File, Format Version 12.00
# Visual Studio 14
VisualStudioVersion = 14.0.22512.0
MinimumVisualStudioVersion = 10.0.40219.1
Project("{FAE04EC0-301F-11D3-BF4B-00C04F79EFBC}") = "Claytondus.Square", "Claytondus.Square\Claytondus.Square.csproj", "{144EBDD3-5DFE-49B1-ACFD-04AB0D76D521}"
EndProject
Project("{FAE04EC0-301F-11D3-BF4B-00C04F79EFBC}") = "Claytondus.Square.Test", "Claytondus.Square.Test\Claytondus.Square.Test.csproj", "{A07AE77D-9F16-4D13-941C-CD6573F71646}"
EndProject
Global
	GlobalSection(SolutionConfigurationPlatforms) = preSolution
		Debug|Any CPU = Debug|Any CPU
		Release|Any CPU = Release|Any CPU
	EndGlobalSection
	GlobalSection(ProjectConfigurationPlatforms) = postSolution
		{144EBDD3-5DFE-49B1-ACFD-04AB0D76D521}.Debug|Any CPU.ActiveCfg = Debug|Any CPU
		{144EBDD3-5DFE-49B1-ACFD-04AB0D76D521}.Debug|Any CPU.Build.0 = Debug|Any CPU
		{144EBDD3-5DFE-49B1-ACFD-04AB0D76D521}.Release|Any CPU.ActiveCfg = Release|Any CPU
		{144EBDD3-5DFE-49B1-ACFD-04AB0D76D521}.Release|Any CPU.Build.0 = Release|Any CPU
		{A07AE77D-9F16-4D13-941C-CD6573F71646}.Debug|Any CPU.ActiveCfg = Debug|Any CPU
		{A07AE77D-9F16-4D13-941C-CD6573F71646}.Debug|Any CPU.Build.0 = Debug|Any CPU
		{A07AE77D-9F16-4D13-941C-CD6573F71646}.Release|Any CPU.ActiveCfg = Release|Any CPU
		{A07AE77D-9F16-4D13-941C-CD6573F71646}.Release|Any CPU.Build.0 = Release|Any CPU
	EndGlobalSection
	GlobalSection(SolutionProperties) = preSolution
		HideSolutionNode = FALSE
	EndGlobalSection
EndGlobal
